
Microsoft Visual Studio Solution File, Format Version 12.00
# Visual Studio Version 16
VisualStudioVersion = 16.0.31129.286
MinimumVisualStudioVersion = 10.0.40219.1
Project("{FAE04EC0-301F-11D3-BF4B-00C04F79EFBC}") = "Configuration", "Configuration\Configuration.csproj", "{8D23B972-656C-4D2F-9F5F-509C0B4D736B}"
EndProject
Project("{FAE04EC0-301F-11D3-BF4B-00C04F79EFBC}") = "Systems", "Systems\Systems.csproj", "{98AD5A0A-700C-4977-8971-F4E2B94B82A4}"
EndProject
Project("{FAE04EC0-301F-11D3-BF4B-00C04F79EFBC}") = "Launcher", "Launcher\Launcher.csproj", "{21C27FA8-9501-41F2-B138-BB127F7092EC}"
EndProject
Global
	GlobalSection(SolutionConfigurationPlatforms) = preSolution
		Debug|Any CPU = Debug|Any CPU
		Release|Any CPU = Release|Any CPU
	EndGlobalSection
	GlobalSection(ProjectConfigurationPlatforms) = postSolution
		{8D23B972-656C-4D2F-9F5F-509C0B4D736B}.Debug|Any CPU.ActiveCfg = Debug|Any CPU
		{8D23B972-656C-4D2F-9F5F-509C0B4D736B}.Debug|Any CPU.Build.0 = Debug|Any CPU
		{8D23B972-656C-4D2F-9F5F-509C0B4D736B}.Release|Any CPU.ActiveCfg = Release|Any CPU
		{8D23B972-656C-4D2F-9F5F-509C0B4D736B}.Release|Any CPU.Build.0 = Release|Any CPU
		{98AD5A0A-700C-4977-8971-F4E2B94B82A4}.Debug|Any CPU.ActiveCfg = Debug|Any CPU
		{98AD5A0A-700C-4977-8971-F4E2B94B82A4}.Debug|Any CPU.Build.0 = Debug|Any CPU
		{98AD5A0A-700C-4977-8971-F4E2B94B82A4}.Release|Any CPU.ActiveCfg = Release|Any CPU
		{98AD5A0A-700C-4977-8971-F4E2B94B82A4}.Release|Any CPU.Build.0 = Release|Any CPU
		{21C27FA8-9501-41F2-B138-BB127F7092EC}.Debug|Any CPU.ActiveCfg = Debug|Any CPU
		{21C27FA8-9501-41F2-B138-BB127F7092EC}.Debug|Any CPU.Build.0 = Debug|Any CPU
		{21C27FA8-9501-41F2-B138-BB127F7092EC}.Release|Any CPU.ActiveCfg = Release|Any CPU
		{21C27FA8-9501-41F2-B138-BB127F7092EC}.Release|Any CPU.Build.0 = Release|Any CPU
	EndGlobalSection
	GlobalSection(SolutionProperties) = preSolution
		HideSolutionNode = FALSE
	EndGlobalSection
	GlobalSection(ExtensibilityGlobals) = postSolution
		SolutionGuid = {5A6BDA5F-3D06-4C1F-9698-5CD46D521549}
	EndGlobalSection
EndGlobal
